
Microsoft Visual Studio Solution File, Format Version 12.00
# Visual Studio 2013
VisualStudioVersion = 12.0.21005.1
MinimumVisualStudioVersion = 10.0.40219.1
Project("{FAE04EC0-301F-11D3-BF4B-00C04F79EFBC}") = "UI", "UI\UI.csproj", "{41C44B26-2185-45EE-95FD-777C6878D9FD}"
EndProject
Project("{FAE04EC0-301F-11D3-BF4B-00C04F79EFBC}") = "Model", "Model\Model.csproj", "{3CC129F3-1BE4-4927-B941-D35F02FC1DEF}"
EndProject
Project("{FAE04EC0-301F-11D3-BF4B-00C04F79EFBC}") = "DAL", "DAL\DAL.csproj", "{D9140F9D-B0A2-4A35-A571-521948146928}"
EndProject
Project("{FAE04EC0-301F-11D3-BF4B-00C04F79EFBC}") = "BLL", "BLL\BLL.csproj", "{57E040A3-0AF0-4C3B-9088-B4464CEA155B}"
EndProject
Global
	GlobalSection(SolutionConfigurationPlatforms) = preSolution
		Debug|Any CPU = Debug|Any CPU
		Release|Any CPU = Release|Any CPU
	EndGlobalSection
	GlobalSection(ProjectConfigurationPlatforms) = postSolution
		{41C44B26-2185-45EE-95FD-777C6878D9FD}.Debug|Any CPU.ActiveCfg = Debug|Any CPU
		{41C44B26-2185-45EE-95FD-777C6878D9FD}.Debug|Any CPU.Build.0 = Debug|Any CPU
		{41C44B26-2185-45EE-95FD-777C6878D9FD}.Release|Any CPU.ActiveCfg = Release|Any CPU
		{41C44B26-2185-45EE-95FD-777C6878D9FD}.Release|Any CPU.Build.0 = Release|Any CPU
		{3CC129F3-1BE4-4927-B941-D35F02FC1DEF}.Debug|Any CPU.ActiveCfg = Debug|Any CPU
		{3CC129F3-1BE4-4927-B941-D35F02FC1DEF}.Debug|Any CPU.Build.0 = Debug|Any CPU
		{3CC129F3-1BE4-4927-B941-D35F02FC1DEF}.Release|Any CPU.ActiveCfg = Release|Any CPU
		{3CC129F3-1BE4-4927-B941-D35F02FC1DEF}.Release|Any CPU.Build.0 = Release|Any CPU
		{D9140F9D-B0A2-4A35-A571-521948146928}.Debug|Any CPU.ActiveCfg = Debug|Any CPU
		{D9140F9D-B0A2-4A35-A571-521948146928}.Debug|Any CPU.Build.0 = Debug|Any CPU
		{D9140F9D-B0A2-4A35-A571-521948146928}.Release|Any CPU.ActiveCfg = Release|Any CPU
		{D9140F9D-B0A2-4A35-A571-521948146928}.Release|Any CPU.Build.0 = Release|Any CPU
		{57E040A3-0AF0-4C3B-9088-B4464CEA155B}.Debug|Any CPU.ActiveCfg = Debug|Any CPU
		{57E040A3-0AF0-4C3B-9088-B4464CEA155B}.Debug|Any CPU.Build.0 = Debug|Any CPU
		{57E040A3-0AF0-4C3B-9088-B4464CEA155B}.Release|Any CPU.ActiveCfg = Release|Any CPU
		{57E040A3-0AF0-4C3B-9088-B4464CEA155B}.Release|Any CPU.Build.0 = Release|Any CPU
	EndGlobalSection
	GlobalSection(SolutionProperties) = preSolution
		HideSolutionNode = FALSE
	EndGlobalSection
EndGlobal
